// !$*UTF8*$!
{
	archiveVersion = 1;
	classes = {
	};
	objectVersion = 46;
	objects = {

/* Begin PBXBuildFile section */
		028778361DAE5E1000CB8314 /* AppDelegate.swift in Sources */ = {isa = PBXBuildFile; fileRef = 028778351DAE5E1000CB8314 /* AppDelegate.swift */; };
		028778381DAE5E1000CB8314 /* ViewController.swift in Sources */ = {isa = PBXBuildFile; fileRef = 028778371DAE5E1000CB8314 /* ViewController.swift */; };
		0287783B1DAE5E1000CB8314 /* Main.storyboard in Resources */ = {isa = PBXBuildFile; fileRef = 028778391DAE5E1000CB8314 /* Main.storyboard */; };
		0287783D1DAE5E1000CB8314 /* Assets.xcassets in Resources */ = {isa = PBXBuildFile; fileRef = 0287783C1DAE5E1000CB8314 /* Assets.xcassets */; };
		028778401DAE5E1000CB8314 /* LaunchScreen.storyboard in Resources */ = {isa = PBXBuildFile; fileRef = 0287783E1DAE5E1000CB8314 /* LaunchScreen.storyboard */; };
		0287784B1DAE5E1000CB8314 /* DemoMvvmTests.swift in Sources */ = {isa = PBXBuildFile; fileRef = 0287784A1DAE5E1000CB8314 /* DemoMvvmTests.swift */; };
		028778561DAE5E1000CB8314 /* DemoMvvmUITests.swift in Sources */ = {isa = PBXBuildFile; fileRef = 028778551DAE5E1000CB8314 /* DemoMvvmUITests.swift */; };
		028778651DAE5E8D00CB8314 /* Car.swift in Sources */ = {isa = PBXBuildFile; fileRef = 028778641DAE5E8D00CB8314 /* Car.swift */; };
		028778681DAE660D00CB8314 /* Car.swift in Sources */ = {isa = PBXBuildFile; fileRef = 028778641DAE5E8D00CB8314 /* Car.swift */; };
		028778691DAE660E00CB8314 /* Car.swift in Sources */ = {isa = PBXBuildFile; fileRef = 028778641DAE5E8D00CB8314 /* Car.swift */; };
		028778701DAE72E100CB8314 /* AppDelegate.swift in Sources */ = {isa = PBXBuildFile; fileRef = 028778351DAE5E1000CB8314 /* AppDelegate.swift */; };
		028778711DAE72E200CB8314 /* AppDelegate.swift in Sources */ = {isa = PBXBuildFile; fileRef = 028778351DAE5E1000CB8314 /* AppDelegate.swift */; };
		028778771DAE833900CB8314 /* ReactiveViewController.swift in Sources */ = {isa = PBXBuildFile; fileRef = 028778761DAE833900CB8314 /* ReactiveViewController.swift */; };
		028778781DAE833900CB8314 /* ReactiveViewController.swift in Sources */ = {isa = PBXBuildFile; fileRef = 028778761DAE833900CB8314 /* ReactiveViewController.swift */; };
		028778791DAE833900CB8314 /* ReactiveViewController.swift in Sources */ = {isa = PBXBuildFile; fileRef = 028778761DAE833900CB8314 /* ReactiveViewController.swift */; };
		0287787B1DAECF1000CB8314 /* CarTableViewCell.swift in Sources */ = {isa = PBXBuildFile; fileRef = 0287787A1DAECF1000CB8314 /* CarTableViewCell.swift */; };
		0287787C1DAECF1000CB8314 /* CarTableViewCell.swift in Sources */ = {isa = PBXBuildFile; fileRef = 0287787A1DAECF1000CB8314 /* CarTableViewCell.swift */; };
		0287787D1DAECF1000CB8314 /* CarTableViewCell.swift in Sources */ = {isa = PBXBuildFile; fileRef = 0287787A1DAECF1000CB8314 /* CarTableViewCell.swift */; };
		2CEE05490B0B6D5425629385 /* Pods_DemoMvvmTests.framework in Frameworks */ = {isa = PBXBuildFile; fileRef = 025D0E516C266C8BBFC1BD46 /* Pods_DemoMvvmTests.framework */; };
		5C0B80075D4C6906DDA0E7CF /* Pods_DemoMvvm.framework in Frameworks */ = {isa = PBXBuildFile; fileRef = 70C38A9C7413F615C037480F /* Pods_DemoMvvm.framework */; };
		B1C10CF9DCB52276A504955E /* Pods_DemoMvvmUITests.framework in Frameworks */ = {isa = PBXBuildFile; fileRef = 238ACC6D3EAB7E80B39E0749 /* Pods_DemoMvvmUITests.framework */; };
/* End PBXBuildFile section */

/* Begin PBXContainerItemProxy section */
		028778471DAE5E1000CB8314 /* PBXContainerItemProxy */ = {
			isa = PBXContainerItemProxy;
			containerPortal = 0287782A1DAE5E1000CB8314 /* Project object */;
			proxyType = 1;
			remoteGlobalIDString = 028778311DAE5E1000CB8314;
			remoteInfo = DemoMvvm;
		};
		028778521DAE5E1000CB8314 /* PBXContainerItemProxy */ = {
			isa = PBXContainerItemProxy;
			containerPortal = 0287782A1DAE5E1000CB8314 /* Project object */;
			proxyType = 1;
			remoteGlobalIDString = 028778311DAE5E1000CB8314;
			remoteInfo = DemoMvvm;
		};
/* End PBXContainerItemProxy section */

/* Begin PBXFileReference section */
		025D0E516C266C8BBFC1BD46 /* Pods_DemoMvvmTests.framework */ = {isa = PBXFileReference; explicitFileType = wrapper.framework; includeInIndex = 0; path = Pods_DemoMvvmTests.framework; sourceTree = BUILT_PRODUCTS_DIR; };
		028778321DAE5E1000CB8314 /* DemoMvvm.app */ = {isa = PBXFileReference; explicitFileType = wrapper.application; includeInIndex = 0; path = DemoMvvm.app; sourceTree = BUILT_PRODUCTS_DIR; };
		028778351DAE5E1000CB8314 /* AppDelegate.swift */ = {isa = PBXFileReference; lastKnownFileType = sourcecode.swift; path = AppDelegate.swift; sourceTree = "<group>"; };
		028778371DAE5E1000CB8314 /* ViewController.swift */ = {isa = PBXFileReference; lastKnownFileType = sourcecode.swift; path = ViewController.swift; sourceTree = "<group>"; };
		0287783A1DAE5E1000CB8314 /* Base */ = {isa = PBXFileReference; lastKnownFileType = file.storyboard; name = Base; path = Base.lproj/Main.storyboard; sourceTree = "<group>"; };
		0287783C1DAE5E1000CB8314 /* Assets.xcassets */ = {isa = PBXFileReference; lastKnownFileType = folder.assetcatalog; path = Assets.xcassets; sourceTree = "<group>"; };
		0287783F1DAE5E1000CB8314 /* Base */ = {isa = PBXFileReference; lastKnownFileType = file.storyboard; name = Base; path = Base.lproj/LaunchScreen.storyboard; sourceTree = "<group>"; };
		028778411DAE5E1000CB8314 /* Info.plist */ = {isa = PBXFileReference; lastKnownFileType = text.plist.xml; path = Info.plist; sourceTree = "<group>"; };
		028778461DAE5E1000CB8314 /* DemoMvvmTests.xctest */ = {isa = PBXFileReference; explicitFileType = wrapper.cfbundle; includeInIndex = 0; path = DemoMvvmTests.xctest; sourceTree = BUILT_PRODUCTS_DIR; };
		0287784A1DAE5E1000CB8314 /* DemoMvvmTests.swift */ = {isa = PBXFileReference; lastKnownFileType = sourcecode.swift; path = DemoMvvmTests.swift; sourceTree = "<group>"; };
		0287784C1DAE5E1000CB8314 /* Info.plist */ = {isa = PBXFileReference; lastKnownFileType = text.plist.xml; path = Info.plist; sourceTree = "<group>"; };
		028778511DAE5E1000CB8314 /* DemoMvvmUITests.xctest */ = {isa = PBXFileReference; explicitFileType = wrapper.cfbundle; includeInIndex = 0; path = DemoMvvmUITests.xctest; sourceTree = BUILT_PRODUCTS_DIR; };
		028778551DAE5E1000CB8314 /* DemoMvvmUITests.swift */ = {isa = PBXFileReference; lastKnownFileType = sourcecode.swift; path = DemoMvvmUITests.swift; sourceTree = "<group>"; };
		028778571DAE5E1000CB8314 /* Info.plist */ = {isa = PBXFileReference; lastKnownFileType = text.plist.xml; path = Info.plist; sourceTree = "<group>"; };
		028778641DAE5E8D00CB8314 /* Car.swift */ = {isa = PBXFileReference; fileEncoding = 4; lastKnownFileType = sourcecode.swift; path = Car.swift; sourceTree = "<group>"; };
		028778761DAE833900CB8314 /* ReactiveViewController.swift */ = {isa = PBXFileReference; fileEncoding = 4; lastKnownFileType = sourcecode.swift; path = ReactiveViewController.swift; sourceTree = "<group>"; };
		0287787A1DAECF1000CB8314 /* CarTableViewCell.swift */ = {isa = PBXFileReference; fileEncoding = 4; lastKnownFileType = sourcecode.swift; path = CarTableViewCell.swift; sourceTree = "<group>"; };
		238ACC6D3EAB7E80B39E0749 /* Pods_DemoMvvmUITests.framework */ = {isa = PBXFileReference; explicitFileType = wrapper.framework; includeInIndex = 0; path = Pods_DemoMvvmUITests.framework; sourceTree = BUILT_PRODUCTS_DIR; };
		2B8AE5733AC30AF8B121D5D5 /* Pods-DemoMvvmTests.release.xcconfig */ = {isa = PBXFileReference; includeInIndex = 1; lastKnownFileType = text.xcconfig; name = "Pods-DemoMvvmTests.release.xcconfig"; path = "Pods/Target Support Files/Pods-DemoMvvmTests/Pods-DemoMvvmTests.release.xcconfig"; sourceTree = "<group>"; };
		5D92BCA07049806F0D589AC5 /* Pods-DemoMvvmUITests.release.xcconfig */ = {isa = PBXFileReference; includeInIndex = 1; lastKnownFileType = text.xcconfig; name = "Pods-DemoMvvmUITests.release.xcconfig"; path = "Pods/Target Support Files/Pods-DemoMvvmUITests/Pods-DemoMvvmUITests.release.xcconfig"; sourceTree = "<group>"; };
		70C38A9C7413F615C037480F /* Pods_DemoMvvm.framework */ = {isa = PBXFileReference; explicitFileType = wrapper.framework; includeInIndex = 0; path = Pods_DemoMvvm.framework; sourceTree = BUILT_PRODUCTS_DIR; };
		D5E5CF7D841D2ECBA255D265 /* Pods-DemoMvvm.release.xcconfig */ = {isa = PBXFileReference; includeInIndex = 1; lastKnownFileType = text.xcconfig; name = "Pods-DemoMvvm.release.xcconfig"; path = "Pods/Target Support Files/Pods-DemoMvvm/Pods-DemoMvvm.release.xcconfig"; sourceTree = "<group>"; };
		D7CA0C17B62FFD44D6E66CA6 /* Pods-DemoMvvm.debug.xcconfig */ = {isa = PBXFileReference; includeInIndex = 1; lastKnownFileType = text.xcconfig; name = "Pods-DemoMvvm.debug.xcconfig"; path = "Pods/Target Support Files/Pods-DemoMvvm/Pods-DemoMvvm.debug.xcconfig"; sourceTree = "<group>"; };
		E9AEEAEB5D41CB02364382BB /* Pods-DemoMvvmTests.debug.xcconfig */ = {isa = PBXFileReference; includeInIndex = 1; lastKnownFileType = text.xcconfig; name = "Pods-DemoMvvmTests.debug.xcconfig"; path = "Pods/Target Support Files/Pods-DemoMvvmTests/Pods-DemoMvvmTests.debug.xcconfig"; sourceTree = "<group>"; };
		FAEA758EB36245C2A9A75E07 /* Pods-DemoMvvmUITests.debug.xcconfig */ = {isa = PBXFileReference; includeInIndex = 1; lastKnownFileType = text.xcconfig; name = "Pods-DemoMvvmUITests.debug.xcconfig"; path = "Pods/Target Support Files/Pods-DemoMvvmUITests/Pods-DemoMvvmUITests.debug.xcconfig"; sourceTree = "<group>"; };
/* End PBXFileReference section */

/* Begin PBXFrameworksBuildPhase section */
		0287782F1DAE5E1000CB8314 /* Frameworks */ = {
			isa = PBXFrameworksBuildPhase;
			buildActionMask = 2147483647;
			files = (
				5C0B80075D4C6906DDA0E7CF /* Pods_DemoMvvm.framework in Frameworks */,
			);
			runOnlyForDeploymentPostprocessing = 0;
		};
		028778431DAE5E1000CB8314 /* Frameworks */ = {
			isa = PBXFrameworksBuildPhase;
			buildActionMask = 2147483647;
			files = (
				2CEE05490B0B6D5425629385 /* Pods_DemoMvvmTests.framework in Frameworks */,
			);
			runOnlyForDeploymentPostprocessing = 0;
		};
		0287784E1DAE5E1000CB8314 /* Frameworks */ = {
			isa = PBXFrameworksBuildPhase;
			buildActionMask = 2147483647;
			files = (
				B1C10CF9DCB52276A504955E /* Pods_DemoMvvmUITests.framework in Frameworks */,
			);
			runOnlyForDeploymentPostprocessing = 0;
		};
/* End PBXFrameworksBuildPhase section */

/* Begin PBXGroup section */
		028778291DAE5E1000CB8314 = {
			isa = PBXGroup;
			children = (
				028778341DAE5E1000CB8314 /* DemoMvvm */,
				028778491DAE5E1000CB8314 /* DemoMvvmTests */,
				028778541DAE5E1000CB8314 /* DemoMvvmUITests */,
				028778331DAE5E1000CB8314 /* Products */,
				C94105F7A506E8B07F850F4B /* Pods */,
				76389F241362C4518DCA5A60 /* Frameworks */,
			);
			sourceTree = "<group>";
		};
		028778331DAE5E1000CB8314 /* Products */ = {
			isa = PBXGroup;
			children = (
				028778321DAE5E1000CB8314 /* DemoMvvm.app */,
				028778461DAE5E1000CB8314 /* DemoMvvmTests.xctest */,
				028778511DAE5E1000CB8314 /* DemoMvvmUITests.xctest */,
			);
			name = Products;
			sourceTree = "<group>";
		};
		028778341DAE5E1000CB8314 /* DemoMvvm */ = {
			isa = PBXGroup;
			children = (
				028778631DAE5E7C00CB8314 /* model */,
				028778351DAE5E1000CB8314 /* AppDelegate.swift */,
				028778371DAE5E1000CB8314 /* ViewController.swift */,
				028778391DAE5E1000CB8314 /* Main.storyboard */,
				0287783C1DAE5E1000CB8314 /* Assets.xcassets */,
				0287783E1DAE5E1000CB8314 /* LaunchScreen.storyboard */,
				028778411DAE5E1000CB8314 /* Info.plist */,
				028778761DAE833900CB8314 /* ReactiveViewController.swift */,
				0287787A1DAECF1000CB8314 /* CarTableViewCell.swift */,
			);
			path = DemoMvvm;
			sourceTree = "<group>";
		};
		028778491DAE5E1000CB8314 /* DemoMvvmTests */ = {
			isa = PBXGroup;
			children = (
				0287784A1DAE5E1000CB8314 /* DemoMvvmTests.swift */,
				0287784C1DAE5E1000CB8314 /* Info.plist */,
			);
			path = DemoMvvmTests;
			sourceTree = "<group>";
		};
		028778541DAE5E1000CB8314 /* DemoMvvmUITests */ = {
			isa = PBXGroup;
			children = (
				028778551DAE5E1000CB8314 /* DemoMvvmUITests.swift */,
				028778571DAE5E1000CB8314 /* Info.plist */,
			);
			path = DemoMvvmUITests;
			sourceTree = "<group>";
		};
		028778631DAE5E7C00CB8314 /* model */ = {
			isa = PBXGroup;
			children = (
				028778641DAE5E8D00CB8314 /* Car.swift */,
			);
			name = model;
			sourceTree = "<group>";
		};
		76389F241362C4518DCA5A60 /* Frameworks */ = {
			isa = PBXGroup;
			children = (
				70C38A9C7413F615C037480F /* Pods_DemoMvvm.framework */,
				025D0E516C266C8BBFC1BD46 /* Pods_DemoMvvmTests.framework */,
				238ACC6D3EAB7E80B39E0749 /* Pods_DemoMvvmUITests.framework */,
			);
			name = Frameworks;
			sourceTree = "<group>";
		};
		C94105F7A506E8B07F850F4B /* Pods */ = {
			isa = PBXGroup;
			children = (
				D7CA0C17B62FFD44D6E66CA6 /* Pods-DemoMvvm.debug.xcconfig */,
				D5E5CF7D841D2ECBA255D265 /* Pods-DemoMvvm.release.xcconfig */,
				E9AEEAEB5D41CB02364382BB /* Pods-DemoMvvmTests.debug.xcconfig */,
				2B8AE5733AC30AF8B121D5D5 /* Pods-DemoMvvmTests.release.xcconfig */,
				FAEA758EB36245C2A9A75E07 /* Pods-DemoMvvmUITests.debug.xcconfig */,
				5D92BCA07049806F0D589AC5 /* Pods-DemoMvvmUITests.release.xcconfig */,
			);
			name = Pods;
			sourceTree = "<group>";
		};
/* End PBXGroup section */

/* Begin PBXNativeTarget section */
		028778311DAE5E1000CB8314 /* DemoMvvm */ = {
			isa = PBXNativeTarget;
			buildConfigurationList = 0287785A1DAE5E1000CB8314 /* Build configuration list for PBXNativeTarget "DemoMvvm" */;
			buildPhases = (
				D87B85EB36106ECE8F08A6DE /* [CP] Check Pods Manifest.lock */,
				0287782E1DAE5E1000CB8314 /* Sources */,
				0287782F1DAE5E1000CB8314 /* Frameworks */,
				028778301DAE5E1000CB8314 /* Resources */,
				1E84130C0EE1B2F2807A5C99 /* [CP] Embed Pods Frameworks */,
				0A650228551387B9DB058CF7 /* [CP] Copy Pods Resources */,
			);
			buildRules = (
			);
			dependencies = (
			);
			name = DemoMvvm;
			productName = DemoMvvm;
			productReference = 028778321DAE5E1000CB8314 /* DemoMvvm.app */;
			productType = "com.apple.product-type.application";
		};
		028778451DAE5E1000CB8314 /* DemoMvvmTests */ = {
			isa = PBXNativeTarget;
			buildConfigurationList = 0287785D1DAE5E1000CB8314 /* Build configuration list for PBXNativeTarget "DemoMvvmTests" */;
			buildPhases = (
				74A84296FA769466F12DA8B2 /* [CP] Check Pods Manifest.lock */,
				028778421DAE5E1000CB8314 /* Sources */,
				028778431DAE5E1000CB8314 /* Frameworks */,
				028778441DAE5E1000CB8314 /* Resources */,
				CD47238FFA8E86DDDA45E16C /* [CP] Embed Pods Frameworks */,
				AC1839F8207D899A47DC42E3 /* [CP] Copy Pods Resources */,
			);
			buildRules = (
			);
			dependencies = (
				028778481DAE5E1000CB8314 /* PBXTargetDependency */,
			);
			name = DemoMvvmTests;
			productName = DemoMvvmTests;
			productReference = 028778461DAE5E1000CB8314 /* DemoMvvmTests.xctest */;
			productType = "com.apple.product-type.bundle.unit-test";
		};
		028778501DAE5E1000CB8314 /* DemoMvvmUITests */ = {
			isa = PBXNativeTarget;
			buildConfigurationList = 028778601DAE5E1000CB8314 /* Build configuration list for PBXNativeTarget "DemoMvvmUITests" */;
			buildPhases = (
				F0AD0F9D1EC7B40E7FC45FE0 /* [CP] Check Pods Manifest.lock */,
				0287784D1DAE5E1000CB8314 /* Sources */,
				0287784E1DAE5E1000CB8314 /* Frameworks */,
				0287784F1DAE5E1000CB8314 /* Resources */,
				008DD56CCBF8F62FE76B61A3 /* [CP] Copy Pods Resources */,
			);
			buildRules = (
			);
			dependencies = (
				028778531DAE5E1000CB8314 /* PBXTargetDependency */,
			);
			name = DemoMvvmUITests;
			productName = DemoMvvmUITests;
			productReference = 028778511DAE5E1000CB8314 /* DemoMvvmUITests.xctest */;
			productType = "com.apple.product-type.bundle.ui-testing";
		};
/* End PBXNativeTarget section */

/* Begin PBXProject section */
		0287782A1DAE5E1000CB8314 /* Project object */ = {
			isa = PBXProject;
			attributes = {
				LastSwiftUpdateCheck = 0730;
				LastUpgradeCheck = 0730;
				ORGANIZATIONNAME = "Zhihui Tang";
				TargetAttributes = {
					028778311DAE5E1000CB8314 = {
						CreatedOnToolsVersion = 7.3.1;
					};
					028778451DAE5E1000CB8314 = {
						CreatedOnToolsVersion = 7.3.1;
						TestTargetID = 028778311DAE5E1000CB8314;
					};
					028778501DAE5E1000CB8314 = {
						CreatedOnToolsVersion = 7.3.1;
						TestTargetID = 028778311DAE5E1000CB8314;
					};
				};
			};
			buildConfigurationList = 0287782D1DAE5E1000CB8314 /* Build configuration list for PBXProject "DemoMvvm" */;
			compatibilityVersion = "Xcode 3.2";
			developmentRegion = English;
			hasScannedForEncodings = 0;
			knownRegions = (
				en,
				Base,
			);
			mainGroup = 028778291DAE5E1000CB8314;
			productRefGroup = 028778331DAE5E1000CB8314 /* Products */;
			projectDirPath = "";
			projectRoot = "";
			targets = (
				028778311DAE5E1000CB8314 /* DemoMvvm */,
				028778451DAE5E1000CB8314 /* DemoMvvmTests */,
				028778501DAE5E1000CB8314 /* DemoMvvmUITests */,
			);
		};
/* End PBXProject section */

/* Begin PBXResourcesBuildPhase section */
		028778301DAE5E1000CB8314 /* Resources */ = {
			isa = PBXResourcesBuildPhase;
			buildActionMask = 2147483647;
			files = (
				028778401DAE5E1000CB8314 /* LaunchScreen.storyboard in Resources */,
				0287783D1DAE5E1000CB8314 /* Assets.xcassets in Resources */,
				0287783B1DAE5E1000CB8314 /* Main.storyboard in Resources */,
			);
			runOnlyForDeploymentPostprocessing = 0;
		};
		028778441DAE5E1000CB8314 /* Resources */ = {
			isa = PBXResourcesBuildPhase;
			buildActionMask = 2147483647;
			files = (
			);
			runOnlyForDeploymentPostprocessing = 0;
		};
		0287784F1DAE5E1000CB8314 /* Resources */ = {
			isa = PBXResourcesBuildPhase;
			buildActionMask = 2147483647;
			files = (
			);
			runOnlyForDeploymentPostprocessing = 0;
		};
/* End PBXResourcesBuildPhase section */

/* Begin PBXShellScriptBuildPhase section */
		008DD56CCBF8F62FE76B61A3 /* [CP] Copy Pods Resources */ = {
			isa = PBXShellScriptBuildPhase;
			buildActionMask = 2147483647;
			files = (
			);
			inputPaths = (
			);
			name = "[CP] Copy Pods Resources";
			outputPaths = (
			);
			runOnlyForDeploymentPostprocessing = 0;
			shellPath = /bin/sh;
			shellScript = "\"${SRCROOT}/Pods/Target Support Files/Pods-DemoMvvmUITests/Pods-DemoMvvmUITests-resources.sh\"\n";
			showEnvVarsInLog = 0;
		};
		0A650228551387B9DB058CF7 /* [CP] Copy Pods Resources */ = {
			isa = PBXShellScriptBuildPhase;
			buildActionMask = 2147483647;
			files = (
			);
			inputPaths = (
			);
			name = "[CP] Copy Pods Resources";
			outputPaths = (
			);
			runOnlyForDeploymentPostprocessing = 0;
			shellPath = /bin/sh;
			shellScript = "\"${SRCROOT}/Pods/Target Support Files/Pods-DemoMvvm/Pods-DemoMvvm-resources.sh\"\n";
			showEnvVarsInLog = 0;
		};
		1E84130C0EE1B2F2807A5C99 /* [CP] Embed Pods Frameworks */ = {
			isa = PBXShellScriptBuildPhase;
			buildActionMask = 2147483647;
			files = (
			);
			inputPaths = (
			);
			name = "[CP] Embed Pods Frameworks";
			outputPaths = (
			);
			runOnlyForDeploymentPostprocessing = 0;
			shellPath = /bin/sh;
			shellScript = "\"${SRCROOT}/Pods/Target Support Files/Pods-DemoMvvm/Pods-DemoMvvm-frameworks.sh\"\n";
			showEnvVarsInLog = 0;
		};
		74A84296FA769466F12DA8B2 /* [CP] Check Pods Manifest.lock */ = {
			isa = PBXShellScriptBuildPhase;
			buildActionMask = 2147483647;
			files = (
			);
			inputPaths = (
			);
			name = "[CP] Check Pods Manifest.lock";
			outputPaths = (
			);
			runOnlyForDeploymentPostprocessing = 0;
			shellPath = /bin/sh;
			shellScript = "diff \"${PODS_ROOT}/../Podfile.lock\" \"${PODS_ROOT}/Manifest.lock\" > /dev/null\nif [[ $? != 0 ]] ; then\n    cat << EOM\nerror: The sandbox is not in sync with the Podfile.lock. Run 'pod install' or update your CocoaPods installation.\nEOM\n    exit 1\nfi\n";
			showEnvVarsInLog = 0;
		};
		AC1839F8207D899A47DC42E3 /* [CP] Copy Pods Resources */ = {
			isa = PBXShellScriptBuildPhase;
			buildActionMask = 2147483647;
			files = (
			);
			inputPaths = (
			);
			name = "[CP] Copy Pods Resources";
			outputPaths = (
			);
			runOnlyForDeploymentPostprocessing = 0;
			shellPath = /bin/sh;
			shellScript = "\"${SRCROOT}/Pods/Target Support Files/Pods-DemoMvvmTests/Pods-DemoMvvmTests-resources.sh\"\n";
			showEnvVarsInLog = 0;
		};
		CD47238FFA8E86DDDA45E16C /* [CP] Embed Pods Frameworks */ = {
			isa = PBXShellScriptBuildPhase;
			buildActionMask = 2147483647;
			files = (
			);
			inputPaths = (
			);
			name = "[CP] Embed Pods Frameworks";
			outputPaths = (
			);
			runOnlyForDeploymentPostprocessing = 0;
			shellPath = /bin/sh;
			shellScript = "\"${SRCROOT}/Pods/Target Support Files/Pods-DemoMvvmTests/Pods-DemoMvvmTests-frameworks.sh\"\n";
			showEnvVarsInLog = 0;
		};
		D87B85EB36106ECE8F08A6DE /* [CP] Check Pods Manifest.lock */ = {
			isa = PBXShellScriptBuildPhase;
			buildActionMask = 2147483647;
			files = (
			);
			inputPaths = (
			);
			name = "[CP] Check Pods Manifest.lock";
			outputPaths = (
			);
			runOnlyForDeploymentPostprocessing = 0;
			shellPath = /bin/sh;
			shellScript = "diff \"${PODS_ROOT}/../Podfile.lock\" \"${PODS_ROOT}/Manifest.lock\" > /dev/null\nif [[ $? != 0 ]] ; then\n    cat << EOM\nerror: The sandbox is not in sync with the Podfile.lock. Run 'pod install' or update your CocoaPods installation.\nEOM\n    exit 1\nfi\n";
			showEnvVarsInLog = 0;
		};
		F0AD0F9D1EC7B40E7FC45FE0 /* [CP] Check Pods Manifest.lock */ = {
			isa = PBXShellScriptBuildPhase;
			buildActionMask = 2147483647;
			files = (
			);
			inputPaths = (
			);
			name = "[CP] Check Pods Manifest.lock";
			outputPaths = (
			);
			runOnlyForDeploymentPostprocessing = 0;
			shellPath = /bin/sh;
			shellScript = "diff \"${PODS_ROOT}/../Podfile.lock\" \"${PODS_ROOT}/Manifest.lock\" > /dev/null\nif [[ $? != 0 ]] ; then\n    cat << EOM\nerror: The sandbox is not in sync with the Podfile.lock. Run 'pod install' or update your CocoaPods installation.\nEOM\n    exit 1\nfi\n";
			showEnvVarsInLog = 0;
		};
/* End PBXShellScriptBuildPhase section */

/* Begin PBXSourcesBuildPhase section */
		0287782E1DAE5E1000CB8314 /* Sources */ = {
			isa = PBXSourcesBuildPhase;
			buildActionMask = 2147483647;
			files = (
				028778381DAE5E1000CB8314 /* ViewController.swift in Sources */,
				028778361DAE5E1000CB8314 /* AppDelegate.swift in Sources */,
				028778651DAE5E8D00CB8314 /* Car.swift in Sources */,
				028778771DAE833900CB8314 /* ReactiveViewController.swift in Sources */,
				0287787B1DAECF1000CB8314 /* CarTableViewCell.swift in Sources */,
			);
			runOnlyForDeploymentPostprocessing = 0;
		};
		028778421DAE5E1000CB8314 /* Sources */ = {
			isa = PBXSourcesBuildPhase;
			buildActionMask = 2147483647;
			files = (
				028778691DAE660E00CB8314 /* Car.swift in Sources */,
				0287784B1DAE5E1000CB8314 /* DemoMvvmTests.swift in Sources */,
				028778711DAE72E200CB8314 /* AppDelegate.swift in Sources */,
				028778781DAE833900CB8314 /* ReactiveViewController.swift in Sources */,
				0287787C1DAECF1000CB8314 /* CarTableViewCell.swift in Sources */,
			);
			runOnlyForDeploymentPostprocessing = 0;
		};
		0287784D1DAE5E1000CB8314 /* Sources */ = {
			isa = PBXSourcesBuildPhase;
			buildActionMask = 2147483647;
			files = (
				028778681DAE660D00CB8314 /* Car.swift in Sources */,
				028778561DAE5E1000CB8314 /* DemoMvvmUITests.swift in Sources */,
				028778701DAE72E100CB8314 /* AppDelegate.swift in Sources */,
				028778791DAE833900CB8314 /* ReactiveViewController.swift in Sources */,
				0287787D1DAECF1000CB8314 /* CarTableViewCell.swift in Sources */,
			);
			runOnlyForDeploymentPostprocessing = 0;
		};
/* End PBXSourcesBuildPhase section */

/* Begin PBXTargetDependency section */
		028778481DAE5E1000CB8314 /* PBXTargetDependency */ = {
			isa = PBXTargetDependency;
			target = 028778311DAE5E1000CB8314 /* DemoMvvm */;
			targetProxy = 028778471DAE5E1000CB8314 /* PBXContainerItemProxy */;
		};
		028778531DAE5E1000CB8314 /* PBXTargetDependency */ = {
			isa = PBXTargetDependency;
			target = 028778311DAE5E1000CB8314 /* DemoMvvm */;
			targetProxy = 028778521DAE5E1000CB8314 /* PBXContainerItemProxy */;
		};
/* End PBXTargetDependency section */

/* Begin PBXVariantGroup section */
		028778391DAE5E1000CB8314 /* Main.storyboard */ = {
			isa = PBXVariantGroup;
			children = (
				0287783A1DAE5E1000CB8314 /* Base */,
			);
			name = Main.storyboard;
			sourceTree = "<group>";
		};
		0287783E1DAE5E1000CB8314 /* LaunchScreen.storyboard */ = {
			isa = PBXVariantGroup;
			children = (
				0287783F1DAE5E1000CB8314 /* Base */,
			);
			name = LaunchScreen.storyboard;
			sourceTree = "<group>";
		};
/* End PBXVariantGroup section */

/* Begin XCBuildConfiguration section */
		028778581DAE5E1000CB8314 /* Debug */ = {
			isa = XCBuildConfiguration;
			buildSettings = {
				ALWAYS_SEARCH_USER_PATHS = NO;
				CLANG_ANALYZER_NONNULL = YES;
				CLANG_CXX_LANGUAGE_STANDARD = "gnu++0x";
				CLANG_CXX_LIBRARY = "libc++";
				CLANG_ENABLE_MODULES = YES;
				CLANG_ENABLE_OBJC_ARC = YES;
				CLANG_WARN_BOOL_CONVERSION = YES;
				CLANG_WARN_CONSTANT_CONVERSION = YES;
				CLANG_WARN_DIRECT_OBJC_ISA_USAGE = YES_ERROR;
				CLANG_WARN_EMPTY_BODY = YES;
				CLANG_WARN_ENUM_CONVERSION = YES;
				CLANG_WARN_INT_CONVERSION = YES;
				CLANG_WARN_OBJC_ROOT_CLASS = YES_ERROR;
				CLANG_WARN_UNREACHABLE_CODE = YES;
				CLANG_WARN__DUPLICATE_METHOD_MATCH = YES;
				"CODE_SIGN_IDENTITY[sdk=iphoneos*]" = "iPhone Developer";
				COPY_PHASE_STRIP = NO;
				DEBUG_INFORMATION_FORMAT = dwarf;
				ENABLE_STRICT_OBJC_MSGSEND = YES;
				ENABLE_TESTABILITY = YES;
				GCC_C_LANGUAGE_STANDARD = gnu99;
				GCC_DYNAMIC_NO_PIC = NO;
				GCC_NO_COMMON_BLOCKS = YES;
				GCC_OPTIMIZATION_LEVEL = 0;
				GCC_PREPROCESSOR_DEFINITIONS = (
					"DEBUG=1",
					"$(inherited)",
				);
				GCC_WARN_64_TO_32_BIT_CONVERSION = YES;
				GCC_WARN_ABOUT_RETURN_TYPE = YES_ERROR;
				GCC_WARN_UNDECLARED_SELECTOR = YES;
				GCC_WARN_UNINITIALIZED_AUTOS = YES_AGGRESSIVE;
				GCC_WARN_UNUSED_FUNCTION = YES;
				GCC_WARN_UNUSED_VARIABLE = YES;
				IPHONEOS_DEPLOYMENT_TARGET = 9.3;
				MTL_ENABLE_DEBUG_INFO = YES;
				ONLY_ACTIVE_ARCH = YES;
				SDKROOT = iphoneos;
				SWIFT_OPTIMIZATION_LEVEL = "-Onone";
				TARGETED_DEVICE_FAMILY = "1,2";
			};
			name = Debug;
		};
		028778591DAE5E1000CB8314 /* Release */ = {
			isa = XCBuildConfiguration;
			buildSettings = {
				ALWAYS_SEARCH_USER_PATHS = NO;
				CLANG_ANALYZER_NONNULL = YES;
				CLANG_CXX_LANGUAGE_STANDARD = "gnu++0x";
				CLANG_CXX_LIBRARY = "libc++";
				CLANG_ENABLE_MODULES = YES;
				CLANG_ENABLE_OBJC_ARC = YES;
				CLANG_WARN_BOOL_CONVERSION = YES;
				CLANG_WARN_CONSTANT_CONVERSION = YES;
				CLANG_WARN_DIRECT_OBJC_ISA_USAGE = YES_ERROR;
				CLANG_WARN_EMPTY_BODY = YES;
				CLANG_WARN_ENUM_CONVERSION = YES;
				CLANG_WARN_INT_CONVERSION = YES;
				CLANG_WARN_OBJC_ROOT_CLASS = YES_ERROR;
				CLANG_WARN_UNREACHABLE_CODE = YES;
				CLANG_WARN__DUPLICATE_METHOD_MATCH = YES;
				"CODE_SIGN_IDENTITY[sdk=iphoneos*]" = "iPhone Developer";
				COPY_PHASE_STRIP = NO;
				DEBUG_INFORMATION_FORMAT = "dwarf-with-dsym";
				ENABLE_NS_ASSERTIONS = NO;
				ENABLE_STRICT_OBJC_MSGSEND = YES;
				GCC_C_LANGUAGE_STANDARD = gnu99;
				GCC_NO_COMMON_BLOCKS = YES;
				GCC_WARN_64_TO_32_BIT_CONVERSION = YES;
				GCC_WARN_ABOUT_RETURN_TYPE = YES_ERROR;
				GCC_WARN_UNDECLARED_SELECTOR = YES;
				GCC_WARN_UNINITIALIZED_AUTOS = YES_AGGRESSIVE;
				GCC_WARN_UNUSED_FUNCTION = YES;
				GCC_WARN_UNUSED_VARIABLE = YES;
				IPHONEOS_DEPLOYMENT_TARGET = 9.3;
				MTL_ENABLE_DEBUG_INFO = NO;
				SDKROOT = iphoneos;
				TARGETED_DEVICE_FAMILY = "1,2";
				VALIDATE_PRODUCT = YES;
			};
			name = Release;
		};
		0287785B1DAE5E1000CB8314 /* Debug */ = {
			isa = XCBuildConfiguration;
			baseConfigurationReference = D7CA0C17B62FFD44D6E66CA6 /* Pods-DemoMvvm.debug.xcconfig */;
			buildSettings = {
				ASSETCATALOG_COMPILER_APPICON_NAME = AppIcon;
				INFOPLIST_FILE = DemoMvvm/Info.plist;
				LD_RUNPATH_SEARCH_PATHS = "$(inherited) @executable_path/Frameworks";
				PRODUCT_BUNDLE_IDENTIFIER = com.tanggod.DemoMvvm;
				PRODUCT_NAME = "$(TARGET_NAME)";
			};
			name = Debug;
		};
		0287785C1DAE5E1000CB8314 /* Release */ = {
			isa = XCBuildConfiguration;
			baseConfigurationReference = D5E5CF7D841D2ECBA255D265 /* Pods-DemoMvvm.release.xcconfig */;
			buildSettings = {
				ASSETCATALOG_COMPILER_APPICON_NAME = AppIcon;
				INFOPLIST_FILE = DemoMvvm/Info.plist;
				LD_RUNPATH_SEARCH_PATHS = "$(inherited) @executable_path/Frameworks";
				PRODUCT_BUNDLE_IDENTIFIER = com.tanggod.DemoMvvm;
				PRODUCT_NAME = "$(TARGET_NAME)";
			};
			name = Release;
		};
		0287785E1DAE5E1000CB8314 /* Debug */ = {
			isa = XCBuildConfiguration;
			baseConfigurationReference = E9AEEAEB5D41CB02364382BB /* Pods-DemoMvvmTests.debug.xcconfig */;
			buildSettings = {
				BUNDLE_LOADER = "$(TEST_HOST)";
				INFOPLIST_FILE = DemoMvvmTests/Info.plist;
				LD_RUNPATH_SEARCH_PATHS = "$(inherited) @executable_path/Frameworks @loader_path/Frameworks";
				PRODUCT_BUNDLE_IDENTIFIER = com.tanggod.DemoMvvmTests;
				PRODUCT_NAME = "$(TARGET_NAME)";
				TEST_HOST = "$(BUILT_PRODUCTS_DIR)/DemoMvvm.app/DemoMvvm";
			};
			name = Debug;
		};
		0287785F1DAE5E1000CB8314 /* Release */ = {
			isa = XCBuildConfiguration;
			baseConfigurationReference = 2B8AE5733AC30AF8B121D5D5 /* Pods-DemoMvvmTests.release.xcconfig */;
			buildSettings = {
				BUNDLE_LOADER = "$(TEST_HOST)";
				INFOPLIST_FILE = DemoMvvmTests/Info.plist;
				LD_RUNPATH_SEARCH_PATHS = "$(inherited) @executable_path/Frameworks @loader_path/Frameworks";
				PRODUCT_BUNDLE_IDENTIFIER = com.tanggod.DemoMvvmTests;
				PRODUCT_NAME = "$(TARGET_NAME)";
				TEST_HOST = "$(BUILT_PRODUCTS_DIR)/DemoMvvm.app/DemoMvvm";
			};
			name = Release;
		};
		028778611DAE5E1000CB8314 /* Debug */ = {
			isa = XCBuildConfiguration;
			baseConfigurationReference = FAEA758EB36245C2A9A75E07 /* Pods-DemoMvvmUITests.debug.xcconfig */;
			buildSettings = {
				INFOPLIST_FILE = DemoMvvmUITests/Info.plist;
				LD_RUNPATH_SEARCH_PATHS = "$(inherited) @executable_path/Frameworks @loader_path/Frameworks";
				PRODUCT_BUNDLE_IDENTIFIER = com.tanggod.DemoMvvmUITests;
				PRODUCT_NAME = "$(TARGET_NAME)";
				TEST_TARGET_NAME = DemoMvvm;
			};
			name = Debug;
		};
		028778621DAE5E1000CB8314 /* Release */ = {
			isa = XCBuildConfiguration;
			baseConfigurationReference = 5D92BCA07049806F0D589AC5 /* Pods-DemoMvvmUITests.release.xcconfig */;
			buildSettings = {
				INFOPLIST_FILE = DemoMvvmUITests/Info.plist;
				LD_RUNPATH_SEARCH_PATHS = "$(inherited) @executable_path/Frameworks @loader_path/Frameworks";
				PRODUCT_BUNDLE_IDENTIFIER = com.tanggod.DemoMvvmUITests;
				PRODUCT_NAME = "$(TARGET_NAME)";
				TEST_TARGET_NAME = DemoMvvm;
			};
			name = Release;
		};
/* End XCBuildConfiguration section */

/* Begin XCConfigurationList section */
		0287782D1DAE5E1000CB8314 /* Build configuration list for PBXProject "DemoMvvm" */ = {
			isa = XCConfigurationList;
			buildConfigurations = (
				028778581DAE5E1000CB8314 /* Debug */,
				028778591DAE5E1000CB8314 /* Release */,
			);
			defaultConfigurationIsVisible = 0;
			defaultConfigurationName = Release;
		};
		0287785A1DAE5E1000CB8314 /* Build configuration list for PBXNativeTarget "DemoMvvm" */ = {
			isa = XCConfigurationList;
			buildConfigurations = (
				0287785B1DAE5E1000CB8314 /* Debug */,
				0287785C1DAE5E1000CB8314 /* Release */,
			);
			defaultConfigurationIsVisible = 0;
			defaultConfigurationName = Release;
		};
		0287785D1DAE5E1000CB8314 /* Build configuration list for PBXNativeTarget "DemoMvvmTests" */ = {
			isa = XCConfigurationList;
			buildConfigurations = (
				0287785E1DAE5E1000CB8314 /* Debug */,
				0287785F1DAE5E1000CB8314 /* Release */,
			);
			defaultConfigurationIsVisible = 0;
			defaultConfigurationName = Release;
		};
		028778601DAE5E1000CB8314 /* Build configuration list for PBXNativeTarget "DemoMvvmUITests" */ = {
			isa = XCConfigurationList;
			buildConfigurations = (
				028778611DAE5E1000CB8314 /* Debug */,
				028778621DAE5E1000CB8314 /* Release */,
			);
			defaultConfigurationIsVisible = 0;
			defaultConfigurationName = Release;
		};
/* End XCConfigurationList section */
	};
	rootObject = 0287782A1DAE5E1000CB8314 /* Project object */;
}
