// !$*UTF8*$!
{
	archiveVersion = 1;
	classes = {
	};
	objectVersion = 46;
	objects = {

/* Begin PBXBuildFile section */
		028778361DAE5E1000CB8314 /* AppDelegate.swift in Sources */ = {isa = PBXBuildFile; fileRef = 028778351DAE5E1000CB8314 /* AppDelegate.swift */; };
		028778381DAE5E1000CB8314 /* ViewController.swift in Sources */ = {isa = PBXBuildFile; fileRef = 028778371DAE5E1000CB8314 /* ViewController.swift */; };
		0287783B1DAE5E1000CB8314 /* Main.storyboard in Resources */ = {isa = PBXBuildFile; fileRef = 028778391DAE5E1000CB8314 /* Main.storyboard */; };
		0287783D1DAE5E1000CB8314 /* Assets.xcassets in Resources */ = {isa = PBXBuildFile; fileRef = 0287783C1DAE5E1000CB8314 /* Assets.xcassets */; };
		028778401DAE5E1000CB8314 /* LaunchScreen.storyboard in Resources */ = {isa = PBXBuildFile; fileRef = 0287783E1DAE5E1000CB8314 /* LaunchScreen.storyboard */; };
		0287784B1DAE5E1000CB8314 /* DemoMvvmTests.swift in Sources */ = {isa = PBXBuildFile; fileRef = 0287784A1DAE5E1000CB8314 /* DemoMvvmTests.swift */; };
		028778561DAE5E1000CB8314 /* DemoMvvmUITests.swift in Sources */ = {isa = PBXBuildFile; fileRef = 028778551DAE5E1000CB8314 /* DemoMvvmUITests.swift */; };
/* End PBXBuildFile section */

/* Begin PBXContainerItemProxy section */
		028778471DAE5E1000CB8314 /* PBXContainerItemProxy */ = {
			isa = PBXContainerItemProxy;
			containerPortal = 0287782A1DAE5E1000CB8314 /* Project object */;
			proxyType = 1;
			remoteGlobalIDString = 028778311DAE5E1000CB8314;
			remoteInfo = DemoMvvm;
		};
		028778521DAE5E1000CB8314 /* PBXContainerItemProxy */ = {
			isa = PBXContainerItemProxy;
			containerPortal = 0287782A1DAE5E1000CB8314 /* Project object */;
			proxyType = 1;
			remoteGlobalIDString = 028778311DAE5E1000CB8314;
			remoteInfo = DemoMvvm;
		};
/* End PBXContainerItemProxy section */

/* Begin PBXFileReference section */
		028778321DAE5E1000CB8314 /* DemoMvvm.app */ = {isa = PBXFileReference; explicitFileType = wrapper.application; includeInIndex = 0; path = DemoMvvm.app; sourceTree = BUILT_PRODUCTS_DIR; };
		028778351DAE5E1000CB8314 /* AppDelegate.swift */ = {isa = PBXFileReference; lastKnownFileType = sourcecode.swift; path = AppDelegate.swift; sourceTree = "<group>"; };
		028778371DAE5E1000CB8314 /* ViewController.swift */ = {isa = PBXFileReference; lastKnownFileType = sourcecode.swift; path = ViewController.swift; sourceTree = "<group>"; };
		0287783A1DAE5E1000CB8314 /* Base */ = {isa = PBXFileReference; lastKnownFileType = file.storyboard; name = Base; path = Base.lproj/Main.storyboard; sourceTree = "<group>"; };
		0287783C1DAE5E1000CB8314 /* Assets.xcassets */ = {isa = PBXFileReference; lastKnownFileType = folder.assetcatalog; path = Assets.xcassets; sourceTree = "<group>"; };
		0287783F1DAE5E1000CB8314 /* Base */ = {isa = PBXFileReference; lastKnownFileType = file.storyboard; name = Base; path = Base.lproj/LaunchScreen.storyboard; sourceTree = "<group>"; };
		028778411DAE5E1000CB8314 /* Info.plist */ = {isa = PBXFileReference; lastKnownFileType = text.plist.xml; path = Info.plist; sourceTree = "<group>"; };
		028778461DAE5E1000CB8314 /* DemoMvvmTests.xctest */ = {isa = PBXFileReference; explicitFileType = wrapper.cfbundle; includeInIndex = 0; path = DemoMvvmTests.xctest; sourceTree = BUILT_PRODUCTS_DIR; };
		0287784A1DAE5E1000CB8314 /* DemoMvvmTests.swift */ = {isa = PBXFileReference; lastKnownFileType = sourcecode.swift; path = DemoMvvmTests.swift; sourceTree = "<group>"; };
		0287784C1DAE5E1000CB8314 /* Info.plist */ = {isa = PBXFileReference; lastKnownFileType = text.plist.xml; path = Info.plist; sourceTree = "<group>"; };
		028778511DAE5E1000CB8314 /* DemoMvvmUITests.xctest */ = {isa = PBXFileReference; explicitFileType = wrapper.cfbundle; includeInIndex = 0; path = DemoMvvmUITests.xctest; sourceTree = BUILT_PRODUCTS_DIR; };
		028778551DAE5E1000CB8314 /* DemoMvvmUITests.swift */ = {isa = PBXFileReference; lastKnownFileType = sourcecode.swift; path = DemoMvvmUITests.swift; sourceTree = "<group>"; };
		028778571DAE5E1000CB8314 /* Info.plist */ = {isa = PBXFileReference; lastKnownFileType = text.plist.xml; path = Info.plist; sourceTree = "<group>"; };
/* End PBXFileReference section */

/* Begin PBXFrameworksBuildPhase section */
		0287782F1DAE5E1000CB8314 /* Frameworks */ = {
			isa = PBXFrameworksBuildPhase;
			buildActionMask = 2147483647;
			files = (
			);
			runOnlyForDeploymentPostprocessing = 0;
		};
		028778431DAE5E1000CB8314 /* Frameworks */ = {
			isa = PBXFrameworksBuildPhase;
			buildActionMask = 2147483647;
			files = (
			);
			runOnlyForDeploymentPostprocessing = 0;
		};
		0287784E1DAE5E1000CB8314 /* Frameworks */ = {
			isa = PBXFrameworksBuildPhase;
			buildActionMask = 2147483647;
			files = (
			);
			runOnlyForDeploymentPostprocessing = 0;
		};
/* End PBXFrameworksBuildPhase section */

/* Begin PBXGroup section */
		028778291DAE5E1000CB8314 = {
			isa = PBXGroup;
			children = (
				028778341DAE5E1000CB8314 /* DemoMvvm */,
				028778491DAE5E1000CB8314 /* DemoMvvmTests */,
				028778541DAE5E1000CB8314 /* DemoMvvmUITests */,
				028778331DAE5E1000CB8314 /* Products */,
			);
			sourceTree = "<group>";
		};
		028778331DAE5E1000CB8314 /* Products */ = {
			isa = PBXGroup;
			children = (
				028778321DAE5E1000CB8314 /* DemoMvvm.app */,
				028778461DAE5E1000CB8314 /* DemoMvvmTests.xctest */,
				028778511DAE5E1000CB8314 /* DemoMvvmUITests.xctest */,
			);
			name = Products;
			sourceTree = "<group>";
		};
		028778341DAE5E1000CB8314 /* DemoMvvm */ = {
			isa = PBXGroup;
			children = (
				028778351DAE5E1000CB8314 /* AppDelegate.swift */,
				028778371DAE5E1000CB8314 /* ViewController.swift */,
				028778391DAE5E1000CB8314 /* Main.storyboard */,
				0287783C1DAE5E1000CB8314 /* Assets.xcassets */,
				0287783E1DAE5E1000CB8314 /* LaunchScreen.storyboard */,
				028778411DAE5E1000CB8314 /* Info.plist */,
			);
			path = DemoMvvm;
			sourceTree = "<group>";
		};
		028778491DAE5E1000CB8314 /* DemoMvvmTests */ = {
			isa = PBXGroup;
			children = (
				0287784A1DAE5E1000CB8314 /* DemoMvvmTests.swift */,
				0287784C1DAE5E1000CB8314 /* Info.plist */,
			);
			path = DemoMvvmTests;
			sourceTree = "<group>";
		};
		028778541DAE5E1000CB8314 /* DemoMvvmUITests */ = {
			isa = PBXGroup;
			children = (
				028778551DAE5E1000CB8314 /* DemoMvvmUITests.swift */,
				028778571DAE5E1000CB8314 /* Info.plist */,
			);
			path = DemoMvvmUITests;
			sourceTree = "<group>";
		};
/* End PBXGroup section */

/* Begin PBXNativeTarget section */
		028778311DAE5E1000CB8314 /* DemoMvvm */ = {
			isa = PBXNativeTarget;
			buildConfigurationList = 0287785A1DAE5E1000CB8314 /* Build configuration list for PBXNativeTarget "DemoMvvm" */;
			buildPhases = (
				0287782E1DAE5E1000CB8314 /* Sources */,
				0287782F1DAE5E1000CB8314 /* Frameworks */,
				028778301DAE5E1000CB8314 /* Resources */,
			);
			buildRules = (
			);
			dependencies = (
			);
			name = DemoMvvm;
			productName = DemoMvvm;
			productReference = 028778321DAE5E1000CB8314 /* DemoMvvm.app */;
			productType = "com.apple.product-type.application";
		};
		028778451DAE5E1000CB8314 /* DemoMvvmTests */ = {
			isa = PBXNativeTarget;
			buildConfigurationList = 0287785D1DAE5E1000CB8314 /* Build configuration list for PBXNativeTarget "DemoMvvmTests" */;
			buildPhases = (
				028778421DAE5E1000CB8314 /* Sources */,
				028778431DAE5E1000CB8314 /* Frameworks */,
				028778441DAE5E1000CB8314 /* Resources */,
			);
			buildRules = (
			);
			dependencies = (
				028778481DAE5E1000CB8314 /* PBXTargetDependency */,
			);
			name = DemoMvvmTests;
			productName = DemoMvvmTests;
			productReference = 028778461DAE5E1000CB8314 /* DemoMvvmTests.xctest */;
			productType = "com.apple.product-type.bundle.unit-test";
		};
		028778501DAE5E1000CB8314 /* DemoMvvmUITests */ = {
			isa = PBXNativeTarget;
			buildConfigurationList = 028778601DAE5E1000CB8314 /* Build configuration list for PBXNativeTarget "DemoMvvmUITests" */;
			buildPhases = (
				0287784D1DAE5E1000CB8314 /* Sources */,
				0287784E1DAE5E1000CB8314 /* Frameworks */,
				0287784F1DAE5E1000CB8314 /* Resources */,
			);
			buildRules = (
			);
			dependencies = (
				028778531DAE5E1000CB8314 /* PBXTargetDependency */,
			);
			name = DemoMvvmUITests;
			productName = DemoMvvmUITests;
			productReference = 028778511DAE5E1000CB8314 /* DemoMvvmUITests.xctest */;
			productType = "com.apple.product-type.bundle.ui-testing";
		};
/* End PBXNativeTarget section */

/* Begin PBXProject section */
		0287782A1DAE5E1000CB8314 /* Project object */ = {
			isa = PBXProject;
			attributes = {
				LastSwiftUpdateCheck = 0730;
				LastUpgradeCheck = 0730;
				ORGANIZATIONNAME = "Zhihui Tang";
				TargetAttributes = {
					028778311DAE5E1000CB8314 = {
						CreatedOnToolsVersion = 7.3.1;
					};
					028778451DAE5E1000CB8314 = {
						CreatedOnToolsVersion = 7.3.1;
						TestTargetID = 028778311DAE5E1000CB8314;
					};
					028778501DAE5E1000CB8314 = {
						CreatedOnToolsVersion = 7.3.1;
						TestTargetID = 028778311DAE5E1000CB8314;
					};
				};
			};
			buildConfigurationList = 0287782D1DAE5E1000CB8314 /* Build configuration list for PBXProject "DemoMvvm" */;
			compatibilityVersion = "Xcode 3.2";
			developmentRegion = English;
			hasScannedForEncodings = 0;
			knownRegions = (
				en,
				Base,
			);
			mainGroup = 028778291DAE5E1000CB8314;
			productRefGroup = 028778331DAE5E1000CB8314 /* Products */;
			projectDirPath = "";
			projectRoot = "";
			targets = (
				028778311DAE5E1000CB8314 /* DemoMvvm */,
				028778451DAE5E1000CB8314 /* DemoMvvmTests */,
				028778501DAE5E1000CB8314 /* DemoMvvmUITests */,
			);
		};
/* End PBXProject section */

/* Begin PBXResourcesBuildPhase section */
		028778301DAE5E1000CB8314 /* Resources */ = {
			isa = PBXResourcesBuildPhase;
			buildActionMask = 2147483647;
			files = (
				028778401DAE5E1000CB8314 /* LaunchScreen.storyboard in Resources */,
				0287783D1DAE5E1000CB8314 /* Assets.xcassets in Resources */,
				0287783B1DAE5E1000CB8314 /* Main.storyboard in Resources */,
			);
			runOnlyForDeploymentPostprocessing = 0;
		};
		028778441DAE5E1000CB8314 /* Resources */ = {
			isa = PBXResourcesBuildPhase;
			buildActionMask = 2147483647;
			files = (
			);
			runOnlyForDeploymentPostprocessing = 0;
		};
		0287784F1DAE5E1000CB8314 /* Resources */ = {
			isa = PBXResourcesBuildPhase;
			buildActionMask = 2147483647;
			files = (
			);
			runOnlyForDeploymentPostprocessing = 0;
		};
/* End PBXResourcesBuildPhase section */

/* Begin PBXSourcesBuildPhase section */
		0287782E1DAE5E1000CB8314 /* Sources */ = {
			isa = PBXSourcesBuildPhase;
			buildActionMask = 2147483647;
			files = (
				028778381DAE5E1000CB8314 /* ViewController.swift in Sources */,
				028778361DAE5E1000CB8314 /* AppDelegate.swift in Sources */,
			);
			runOnlyForDeploymentPostprocessing = 0;
		};
		028778421DAE5E1000CB8314 /* Sources */ = {
			isa = PBXSourcesBuildPhase;
			buildActionMask = 2147483647;
			files = (
				0287784B1DAE5E1000CB8314 /* DemoMvvmTests.swift in Sources */,
			);
			runOnlyForDeploymentPostprocessing = 0;
		};
		0287784D1DAE5E1000CB8314 /* Sources */ = {
			isa = PBXSourcesBuildPhase;
			buildActionMask = 2147483647;
			files = (
				028778561DAE5E1000CB8314 /* DemoMvvmUITests.swift in Sources */,
			);
			runOnlyForDeploymentPostprocessing = 0;
		};
/* End PBXSourcesBuildPhase section */

/* Begin PBXTargetDependency section */
		028778481DAE5E1000CB8314 /* PBXTargetDependency */ = {
			isa = PBXTargetDependency;
			target = 028778311DAE5E1000CB8314 /* DemoMvvm */;
			targetProxy = 028778471DAE5E1000CB8314 /* PBXContainerItemProxy */;
		};
		028778531DAE5E1000CB8314 /* PBXTargetDependency */ = {
			isa = PBXTargetDependency;
			target = 028778311DAE5E1000CB8314 /* DemoMvvm */;
			targetProxy = 028778521DAE5E1000CB8314 /* PBXContainerItemProxy */;
		};
/* End PBXTargetDependency section */

/* Begin PBXVariantGroup section */
		028778391DAE5E1000CB8314 /* Main.storyboard */ = {
			isa = PBXVariantGroup;
			children = (
				0287783A1DAE5E1000CB8314 /* Base */,
			);
			name = Main.storyboard;
			sourceTree = "<group>";
		};
		0287783E1DAE5E1000CB8314 /* LaunchScreen.storyboard */ = {
			isa = PBXVariantGroup;
			children = (
				0287783F1DAE5E1000CB8314 /* Base */,
			);
			name = LaunchScreen.storyboard;
			sourceTree = "<group>";
		};
/* End PBXVariantGroup section */

/* Begin XCBuildConfiguration section */
		028778581DAE5E1000CB8314 /* Debug */ = {
			isa = XCBuildConfiguration;
			buildSettings = {
				ALWAYS_SEARCH_USER_PATHS = NO;
				CLANG_ANALYZER_NONNULL = YES;
				CLANG_CXX_LANGUAGE_STANDARD = "gnu++0x";
				CLANG_CXX_LIBRARY = "libc++";
				CLANG_ENABLE_MODULES = YES;
				CLANG_ENABLE_OBJC_ARC = YES;
				CLANG_WARN_BOOL_CONVERSION = YES;
				CLANG_WARN_CONSTANT_CONVERSION = YES;
				CLANG_WARN_DIRECT_OBJC_ISA_USAGE = YES_ERROR;
				CLANG_WARN_EMPTY_BODY = YES;
				CLANG_WARN_ENUM_CONVERSION = YES;
				CLANG_WARN_INT_CONVERSION = YES;
				CLANG_WARN_OBJC_ROOT_CLASS = YES_ERROR;
				CLANG_WARN_UNREACHABLE_CODE = YES;
				CLANG_WARN__DUPLICATE_METHOD_MATCH = YES;
				"CODE_SIGN_IDENTITY[sdk=iphoneos*]" = "iPhone Developer";
				COPY_PHASE_STRIP = NO;
				DEBUG_INFORMATION_FORMAT = dwarf;
				ENABLE_STRICT_OBJC_MSGSEND = YES;
				ENABLE_TESTABILITY = YES;
				GCC_C_LANGUAGE_STANDARD = gnu99;
				GCC_DYNAMIC_NO_PIC = NO;
				GCC_NO_COMMON_BLOCKS = YES;
				GCC_OPTIMIZATION_LEVEL = 0;
				GCC_PREPROCESSOR_DEFINITIONS = (
					"DEBUG=1",
					"$(inherited)",
				);
				GCC_WARN_64_TO_32_BIT_CONVERSION = YES;
				GCC_WARN_ABOUT_RETURN_TYPE = YES_ERROR;
				GCC_WARN_UNDECLARED_SELECTOR = YES;
				GCC_WARN_UNINITIALIZED_AUTOS = YES_AGGRESSIVE;
				GCC_WARN_UNUSED_FUNCTION = YES;
				GCC_WARN_UNUSED_VARIABLE = YES;
				IPHONEOS_DEPLOYMENT_TARGET = 9.3;
				MTL_ENABLE_DEBUG_INFO = YES;
				ONLY_ACTIVE_ARCH = YES;
				SDKROOT = iphoneos;
				SWIFT_OPTIMIZATION_LEVEL = "-Onone";
				TARGETED_DEVICE_FAMILY = "1,2";
			};
			name = Debug;
		};
		028778591DAE5E1000CB8314 /* Release */ = {
			isa = XCBuildConfiguration;
			buildSettings = {
				ALWAYS_SEARCH_USER_PATHS = NO;
				CLANG_ANALYZER_NONNULL = YES;
				CLANG_CXX_LANGUAGE_STANDARD = "gnu++0x";
				CLANG_CXX_LIBRARY = "libc++";
				CLANG_ENABLE_MODULES = YES;
				CLANG_ENABLE_OBJC_ARC = YES;
				CLANG_WARN_BOOL_CONVERSION = YES;
				CLANG_WARN_CONSTANT_CONVERSION = YES;
				CLANG_WARN_DIRECT_OBJC_ISA_USAGE = YES_ERROR;
				CLANG_WARN_EMPTY_BODY = YES;
				CLANG_WARN_ENUM_CONVERSION = YES;
				CLANG_WARN_INT_CONVERSION = YES;
				CLANG_WARN_OBJC_ROOT_CLASS = YES_ERROR;
				CLANG_WARN_UNREACHABLE_CODE = YES;
				CLANG_WARN__DUPLICATE_METHOD_MATCH = YES;
				"CODE_SIGN_IDENTITY[sdk=iphoneos*]" = "iPhone Developer";
				COPY_PHASE_STRIP = NO;
				DEBUG_INFORMATION_FORMAT = "dwarf-with-dsym";
				ENABLE_NS_ASSERTIONS = NO;
				ENABLE_STRICT_OBJC_MSGSEND = YES;
				GCC_C_LANGUAGE_STANDARD = gnu99;
				GCC_NO_COMMON_BLOCKS = YES;
				GCC_WARN_64_TO_32_BIT_CONVERSION = YES;
				GCC_WARN_ABOUT_RETURN_TYPE = YES_ERROR;
				GCC_WARN_UNDECLARED_SELECTOR = YES;
				GCC_WARN_UNINITIALIZED_AUTOS = YES_AGGRESSIVE;
				GCC_WARN_UNUSED_FUNCTION = YES;
				GCC_WARN_UNUSED_VARIABLE = YES;
				IPHONEOS_DEPLOYMENT_TARGET = 9.3;
				MTL_ENABLE_DEBUG_INFO = NO;
				SDKROOT = iphoneos;
				TARGETED_DEVICE_FAMILY = "1,2";
				VALIDATE_PRODUCT = YES;
			};
			name = Release;
		};
		0287785B1DAE5E1000CB8314 /* Debug */ = {
			isa = XCBuildConfiguration;
			buildSettings = {
				ASSETCATALOG_COMPILER_APPICON_NAME = AppIcon;
				INFOPLIST_FILE = DemoMvvm/Info.plist;
				LD_RUNPATH_SEARCH_PATHS = "$(inherited) @executable_path/Frameworks";
				PRODUCT_BUNDLE_IDENTIFIER = com.tanggod.DemoMvvm;
				PRODUCT_NAME = "$(TARGET_NAME)";
			};
			name = Debug;
		};
		0287785C1DAE5E1000CB8314 /* Release */ = {
			isa = XCBuildConfiguration;
			buildSettings = {
				ASSETCATALOG_COMPILER_APPICON_NAME = AppIcon;
				INFOPLIST_FILE = DemoMvvm/Info.plist;
				LD_RUNPATH_SEARCH_PATHS = "$(inherited) @executable_path/Frameworks";
				PRODUCT_BUNDLE_IDENTIFIER = com.tanggod.DemoMvvm;
				PRODUCT_NAME = "$(TARGET_NAME)";
			};
			name = Release;
		};
		0287785E1DAE5E1000CB8314 /* Debug */ = {
			isa = XCBuildConfiguration;
			buildSettings = {
				BUNDLE_LOADER = "$(TEST_HOST)";
				INFOPLIST_FILE = DemoMvvmTests/Info.plist;
				LD_RUNPATH_SEARCH_PATHS = "$(inherited) @executable_path/Frameworks @loader_path/Frameworks";
				PRODUCT_BUNDLE_IDENTIFIER = com.tanggod.DemoMvvmTests;
				PRODUCT_NAME = "$(TARGET_NAME)";
				TEST_HOST = "$(BUILT_PRODUCTS_DIR)/DemoMvvm.app/DemoMvvm";
			};
			name = Debug;
		};
		0287785F1DAE5E1000CB8314 /* Release */ = {
			isa = XCBuildConfiguration;
			buildSettings = {
				BUNDLE_LOADER = "$(TEST_HOST)";
				INFOPLIST_FILE = DemoMvvmTests/Info.plist;
				LD_RUNPATH_SEARCH_PATHS = "$(inherited) @executable_path/Frameworks @loader_path/Frameworks";
				PRODUCT_BUNDLE_IDENTIFIER = com.tanggod.DemoMvvmTests;
				PRODUCT_NAME = "$(TARGET_NAME)";
				TEST_HOST = "$(BUILT_PRODUCTS_DIR)/DemoMvvm.app/DemoMvvm";
			};
			name = Release;
		};
		028778611DAE5E1000CB8314 /* Debug */ = {
			isa = XCBuildConfiguration;
			buildSettings = {
				INFOPLIST_FILE = DemoMvvmUITests/Info.plist;
				LD_RUNPATH_SEARCH_PATHS = "$(inherited) @executable_path/Frameworks @loader_path/Frameworks";
				PRODUCT_BUNDLE_IDENTIFIER = com.tanggod.DemoMvvmUITests;
				PRODUCT_NAME = "$(TARGET_NAME)";
				TEST_TARGET_NAME = DemoMvvm;
			};
			name = Debug;
		};
		028778621DAE5E1000CB8314 /* Release */ = {
			isa = XCBuildConfiguration;
			buildSettings = {
				INFOPLIST_FILE = DemoMvvmUITests/Info.plist;
				LD_RUNPATH_SEARCH_PATHS = "$(inherited) @executable_path/Frameworks @loader_path/Frameworks";
				PRODUCT_BUNDLE_IDENTIFIER = com.tanggod.DemoMvvmUITests;
				PRODUCT_NAME = "$(TARGET_NAME)";
				TEST_TARGET_NAME = DemoMvvm;
			};
			name = Release;
		};
/* End XCBuildConfiguration section */

/* Begin XCConfigurationList section */
		0287782D1DAE5E1000CB8314 /* Build configuration list for PBXProject "DemoMvvm" */ = {
			isa = XCConfigurationList;
			buildConfigurations = (
				028778581DAE5E1000CB8314 /* Debug */,
				028778591DAE5E1000CB8314 /* Release */,
			);
			defaultConfigurationIsVisible = 0;
			defaultConfigurationName = Release;
		};
		0287785A1DAE5E1000CB8314 /* Build configuration list for PBXNativeTarget "DemoMvvm" */ = {
			isa = XCConfigurationList;
			buildConfigurations = (
				0287785B1DAE5E1000CB8314 /* Debug */,
				0287785C1DAE5E1000CB8314 /* Release */,
			);
			defaultConfigurationIsVisible = 0;
		};
		0287785D1DAE5E1000CB8314 /* Build configuration list for PBXNativeTarget "DemoMvvmTests" */ = {
			isa = XCConfigurationList;
			buildConfigurations = (
				0287785E1DAE5E1000CB8314 /* Debug */,
				0287785F1DAE5E1000CB8314 /* Release */,
			);
			defaultConfigurationIsVisible = 0;
		};
		028778601DAE5E1000CB8314 /* Build configuration list for PBXNativeTarget "DemoMvvmUITests" */ = {
			isa = XCConfigurationList;
			buildConfigurations = (
				028778611DAE5E1000CB8314 /* Debug */,
				028778621DAE5E1000CB8314 /* Release */,
			);
			defaultConfigurationIsVisible = 0;
		};
/* End XCConfigurationList section */
	};
	rootObject = 0287782A1DAE5E1000CB8314 /* Project object */;
}
